// !$*UTF8*$!
{
	archiveVersion = 1;
	classes = {
	};
	objectVersion = 50;
	objects = {

/* Begin PBXBuildFile section */
		1F0D8A3F22F0E1500010AA45 /* Title.png in Resources */ = {isa = PBXBuildFile; fileRef = 1F0D8A3E22F0E1500010AA45 /* Title.png */; };
		1F0D8A5022F22BDE0010AA45 /* Ambient_Car_Preview.wav in Resources */ = {isa = PBXBuildFile; fileRef = 1F0D8A4022F22BDD0010AA45 /* Ambient_Car_Preview.wav */; };
		1F0D8A5122F22BDE0010AA45 /* Ambient_Car.wav in Resources */ = {isa = PBXBuildFile; fileRef = 1F0D8A4122F22BDD0010AA45 /* Ambient_Car.wav */; };
		1F0D8A5222F22BDE0010AA45 /* Goats.wav in Resources */ = {isa = PBXBuildFile; fileRef = 1F0D8A4222F22BDD0010AA45 /* Goats.wav */; };
		1F0D8A5322F22BDE0010AA45 /* Goose.wav in Resources */ = {isa = PBXBuildFile; fileRef = 1F0D8A4322F22BDD0010AA45 /* Goose.wav */; };
		1F0D8A5422F22BDE0010AA45 /* Cocowater.wav in Resources */ = {isa = PBXBuildFile; fileRef = 1F0D8A4422F22BDD0010AA45 /* Cocowater.wav */; };
		1F0D8A5522F22BDE0010AA45 /* UpTheWall.wav in Resources */ = {isa = PBXBuildFile; fileRef = 1F0D8A4522F22BDE0010AA45 /* UpTheWall.wav */; };
		1F0D8A5622F22BDE0010AA45 /* Goats_Preview.wav in Resources */ = {isa = PBXBuildFile; fileRef = 1F0D8A4622F22BDE0010AA45 /* Goats_Preview.wav */; };
		1F0D8A5722F22BDE0010AA45 /* Water_Drops.wav in Resources */ = {isa = PBXBuildFile; fileRef = 1F0D8A4722F22BDE0010AA45 /* Water_Drops.wav */; };
		1F0D8A5822F22BDE0010AA45 /* River.wav in Resources */ = {isa = PBXBuildFile; fileRef = 1F0D8A4822F22BDE0010AA45 /* River.wav */; };
		1F0D8A5922F22BDE0010AA45 /* River_Preview.wav in Resources */ = {isa = PBXBuildFile; fileRef = 1F0D8A4922F22BDE0010AA45 /* River_Preview.wav */; };
		1F0D8A5A22F22BDE0010AA45 /* Clicky.wav in Resources */ = {isa = PBXBuildFile; fileRef = 1F0D8A4A22F22BDE0010AA45 /* Clicky.wav */; };
		1F0D8A5B22F22BDE0010AA45 /* Engine.wav in Resources */ = {isa = PBXBuildFile; fileRef = 1F0D8A4B22F22BDE0010AA45 /* Engine.wav */; };
		1F0D8A5C22F22BDE0010AA45 /* TapMusicStand.wav in Resources */ = {isa = PBXBuildFile; fileRef = 1F0D8A4C22F22BDE0010AA45 /* TapMusicStand.wav */; };
		1F0D8A5D22F22BDE0010AA45 /* Tapping.wav in Resources */ = {isa = PBXBuildFile; fileRef = 1F0D8A4D22F22BDE0010AA45 /* Tapping.wav */; };
		1F0D8A5E22F22BDE0010AA45 /* Swing.wav in Resources */ = {isa = PBXBuildFile; fileRef = 1F0D8A4E22F22BDE0010AA45 /* Swing.wav */; };
		1F0D8A5F22F22BDE0010AA45 /* Cracks.wav in Resources */ = {isa = PBXBuildFile; fileRef = 1F0D8A4F22F22BDE0010AA45 /* Cracks.wav */; };
		1F25E59522E79C4E00AC1B34 /* SecondViewController.swift in Sources */ = {isa = PBXBuildFile; fileRef = 1F25E59422E79C4D00AC1B34 /* SecondViewController.swift */; };
		1F25E59B22E7DED000AC1B34 /* SleepViewController.swift in Sources */ = {isa = PBXBuildFile; fileRef = 1F25E59A22E7DED000AC1B34 /* SleepViewController.swift */; };
		1F25E5A922E8CF6100AC1B34 /* Start.png in Resources */ = {isa = PBXBuildFile; fileRef = 1F25E5A822E8CF6100AC1B34 /* Start.png */; };
		1F25E5AB22EA12C600AC1B34 /* MyClasses.swift in Sources */ = {isa = PBXBuildFile; fileRef = 1F25E5AA22EA12C600AC1B34 /* MyClasses.swift */; };
		1F25E5C922EA5A4300AC1B34 /* SessionViewController.swift in Sources */ = {isa = PBXBuildFile; fileRef = 1F25E5C822EA5A4300AC1B34 /* SessionViewController.swift */; };
		1F25E5D222EF5F8400AC1B34 /* Assets.xcassets in Resources */ = {isa = PBXBuildFile; fileRef = 1F25E5D122EF5F8300AC1B34 /* Assets.xcassets */; };
		1F55E02222E56A7C007F9D59 /* AppDelegate.swift in Sources */ = {isa = PBXBuildFile; fileRef = 1F55E02122E56A7C007F9D59 /* AppDelegate.swift */; };
		1F55E02422E56A7C007F9D59 /* ViewController.swift in Sources */ = {isa = PBXBuildFile; fileRef = 1F55E02322E56A7C007F9D59 /* ViewController.swift */; };
		1F55E02722E56A7C007F9D59 /* Main.storyboard in Resources */ = {isa = PBXBuildFile; fileRef = 1F55E02522E56A7C007F9D59 /* Main.storyboard */; };
		1F55E02C22E56A7D007F9D59 /* LaunchScreen.storyboard in Resources */ = {isa = PBXBuildFile; fileRef = 1F55E02A22E56A7D007F9D59 /* LaunchScreen.storyboard */; };
		1FA6588022F0ACFA009FC4E3 /* StartSession.JPG in Resources */ = {isa = PBXBuildFile; fileRef = 1FA6587F22F0ACFA009FC4E3 /* StartSession.JPG */; };
		1FA6588422F0B003009FC4E3 /* PlanSession.png in Resources */ = {isa = PBXBuildFile; fileRef = 1FA6588322F0B003009FC4E3 /* PlanSession.png */; };
		1FA6588622F0B0E8009FC4E3 /* Home.JPG in Resources */ = {isa = PBXBuildFile; fileRef = 1FA6588522F0B0E7009FC4E3 /* Home.JPG */; };
		1FA6588822F0C059009FC4E3 /* Stop.png in Resources */ = {isa = PBXBuildFile; fileRef = 1FA6588722F0C059009FC4E3 /* Stop.png */; };
		9942663DB86D890E72D14526 /* Pods_GoogleVRSwift.framework in Frameworks */ = {isa = PBXBuildFile; fileRef = 142F5DFF41E339CD574F82FF /* Pods_GoogleVRSwift.framework */; };
/* End PBXBuildFile section */

/* Begin PBXFileReference section */
		142F5DFF41E339CD574F82FF /* Pods_GoogleVRSwift.framework */ = {isa = PBXFileReference; explicitFileType = wrapper.framework; includeInIndex = 0; path = Pods_GoogleVRSwift.framework; sourceTree = BUILT_PRODUCTS_DIR; };
		1F0D8A3E22F0E1500010AA45 /* Title.png */ = {isa = PBXFileReference; lastKnownFileType = image.png; path = Title.png; sourceTree = "<group>"; };
		1F0D8A4022F22BDD0010AA45 /* Ambient_Car_Preview.wav */ = {isa = PBXFileReference; lastKnownFileType = audio.wav; path = Ambient_Car_Preview.wav; sourceTree = "<group>"; };
		1F0D8A4122F22BDD0010AA45 /* Ambient_Car.wav */ = {isa = PBXFileReference; lastKnownFileType = audio.wav; path = Ambient_Car.wav; sourceTree = "<group>"; };
		1F0D8A4222F22BDD0010AA45 /* Goats.wav */ = {isa = PBXFileReference; lastKnownFileType = audio.wav; path = Goats.wav; sourceTree = "<group>"; };
		1F0D8A4322F22BDD0010AA45 /* Goose.wav */ = {isa = PBXFileReference; lastKnownFileType = audio.wav; path = Goose.wav; sourceTree = "<group>"; };
		1F0D8A4422F22BDD0010AA45 /* Cocowater.wav */ = {isa = PBXFileReference; lastKnownFileType = audio.wav; path = Cocowater.wav; sourceTree = "<group>"; };
		1F0D8A4522F22BDE0010AA45 /* UpTheWall.wav */ = {isa = PBXFileReference; lastKnownFileType = audio.wav; path = UpTheWall.wav; sourceTree = "<group>"; };
		1F0D8A4622F22BDE0010AA45 /* Goats_Preview.wav */ = {isa = PBXFileReference; lastKnownFileType = audio.wav; path = Goats_Preview.wav; sourceTree = "<group>"; };
		1F0D8A4722F22BDE0010AA45 /* Water_Drops.wav */ = {isa = PBXFileReference; lastKnownFileType = audio.wav; path = Water_Drops.wav; sourceTree = "<group>"; };
		1F0D8A4822F22BDE0010AA45 /* River.wav */ = {isa = PBXFileReference; lastKnownFileType = audio.wav; path = River.wav; sourceTree = "<group>"; };
		1F0D8A4922F22BDE0010AA45 /* River_Preview.wav */ = {isa = PBXFileReference; lastKnownFileType = audio.wav; path = River_Preview.wav; sourceTree = "<group>"; };
		1F0D8A4A22F22BDE0010AA45 /* Clicky.wav */ = {isa = PBXFileReference; lastKnownFileType = audio.wav; path = Clicky.wav; sourceTree = "<group>"; };
		1F0D8A4B22F22BDE0010AA45 /* Engine.wav */ = {isa = PBXFileReference; lastKnownFileType = audio.wav; path = Engine.wav; sourceTree = "<group>"; };
		1F0D8A4C22F22BDE0010AA45 /* TapMusicStand.wav */ = {isa = PBXFileReference; lastKnownFileType = audio.wav; path = TapMusicStand.wav; sourceTree = "<group>"; };
		1F0D8A4D22F22BDE0010AA45 /* Tapping.wav */ = {isa = PBXFileReference; lastKnownFileType = audio.wav; path = Tapping.wav; sourceTree = "<group>"; };
		1F0D8A4E22F22BDE0010AA45 /* Swing.wav */ = {isa = PBXFileReference; lastKnownFileType = audio.wav; path = Swing.wav; sourceTree = "<group>"; };
		1F0D8A4F22F22BDE0010AA45 /* Cracks.wav */ = {isa = PBXFileReference; lastKnownFileType = audio.wav; path = Cracks.wav; sourceTree = "<group>"; };
		1F25E59422E79C4D00AC1B34 /* SecondViewController.swift */ = {isa = PBXFileReference; lastKnownFileType = sourcecode.swift; name = SecondViewController.swift; path = ../SecondViewController.swift; sourceTree = "<group>"; };
		1F25E59A22E7DED000AC1B34 /* SleepViewController.swift */ = {isa = PBXFileReference; lastKnownFileType = sourcecode.swift; name = SleepViewController.swift; path = ../SleepViewController.swift; sourceTree = "<group>"; };
		1F25E5A822E8CF6100AC1B34 /* Start.png */ = {isa = PBXFileReference; lastKnownFileType = image.png; path = Start.png; sourceTree = "<group>"; };
		1F25E5AA22EA12C600AC1B34 /* MyClasses.swift */ = {isa = PBXFileReference; lastKnownFileType = sourcecode.swift; path = MyClasses.swift; sourceTree = "<group>"; };
		1F25E5C822EA5A4300AC1B34 /* SessionViewController.swift */ = {isa = PBXFileReference; lastKnownFileType = sourcecode.swift; path = SessionViewController.swift; sourceTree = "<group>"; };
		1F25E5D122EF5F8300AC1B34 /* Assets.xcassets */ = {isa = PBXFileReference; lastKnownFileType = folder.assetcatalog; path = Assets.xcassets; sourceTree = "<group>"; };
		1F55E01E22E56A7C007F9D59 /* GoogleVRSwift.app */ = {isa = PBXFileReference; explicitFileType = wrapper.application; includeInIndex = 0; path = GoogleVRSwift.app; sourceTree = BUILT_PRODUCTS_DIR; };
		1F55E02122E56A7C007F9D59 /* AppDelegate.swift */ = {isa = PBXFileReference; lastKnownFileType = sourcecode.swift; path = AppDelegate.swift; sourceTree = "<group>"; };
		1F55E02322E56A7C007F9D59 /* ViewController.swift */ = {isa = PBXFileReference; lastKnownFileType = sourcecode.swift; path = ViewController.swift; sourceTree = "<group>"; };
		1F55E02622E56A7C007F9D59 /* Base */ = {isa = PBXFileReference; lastKnownFileType = file.storyboard; name = Base; path = Base.lproj/Main.storyboard; sourceTree = "<group>"; };
		1F55E02B22E56A7D007F9D59 /* Base */ = {isa = PBXFileReference; lastKnownFileType = file.storyboard; name = Base; path = Base.lproj/LaunchScreen.storyboard; sourceTree = "<group>"; };
		1F55E02D22E56A7D007F9D59 /* Info.plist */ = {isa = PBXFileReference; lastKnownFileType = text.plist.xml; path = Info.plist; sourceTree = "<group>"; };
		1FA6587F22F0ACFA009FC4E3 /* StartSession.JPG */ = {isa = PBXFileReference; lastKnownFileType = image.jpeg; path = StartSession.JPG; sourceTree = "<group>"; };
		1FA6588322F0B003009FC4E3 /* PlanSession.png */ = {isa = PBXFileReference; lastKnownFileType = image.png; path = PlanSession.png; sourceTree = "<group>"; };
		1FA6588522F0B0E7009FC4E3 /* Home.JPG */ = {isa = PBXFileReference; lastKnownFileType = image.jpeg; path = Home.JPG; sourceTree = "<group>"; };
		1FA6588722F0C059009FC4E3 /* Stop.png */ = {isa = PBXFileReference; lastKnownFileType = image.png; path = Stop.png; sourceTree = "<group>"; };
		1FED807C22E56CBA00E2821D /* GoogleVRSwift-Bridging-Header.h */ = {isa = PBXFileReference; lastKnownFileType = sourcecode.c.h; path = "GoogleVRSwift-Bridging-Header.h"; sourceTree = "<group>"; };
		45FFC7AF2EDDE24D7801459A /* Pods-GoogleVRSwift.debug.xcconfig */ = {isa = PBXFileReference; includeInIndex = 1; lastKnownFileType = text.xcconfig; name = "Pods-GoogleVRSwift.debug.xcconfig"; path = "Target Support Files/Pods-GoogleVRSwift/Pods-GoogleVRSwift.debug.xcconfig"; sourceTree = "<group>"; };
		C39F251592BDAE6B4DC73C73 /* Pods-GoogleVRSwift.release.xcconfig */ = {isa = PBXFileReference; includeInIndex = 1; lastKnownFileType = text.xcconfig; name = "Pods-GoogleVRSwift.release.xcconfig"; path = "Target Support Files/Pods-GoogleVRSwift/Pods-GoogleVRSwift.release.xcconfig"; sourceTree = "<group>"; };
/* End PBXFileReference section */

/* Begin PBXFrameworksBuildPhase section */
		1F55E01B22E56A7C007F9D59 /* Frameworks */ = {
			isa = PBXFrameworksBuildPhase;
			buildActionMask = 2147483647;
			files = (
				9942663DB86D890E72D14526 /* Pods_GoogleVRSwift.framework in Frameworks */,
			);
			runOnlyForDeploymentPostprocessing = 0;
		};
/* End PBXFrameworksBuildPhase section */

/* Begin PBXGroup section */
		1F55E01522E56A7C007F9D59 = {
			isa = PBXGroup;
			children = (
				1FED807C22E56CBA00E2821D /* GoogleVRSwift-Bridging-Header.h */,
				1F55E02022E56A7C007F9D59 /* GoogleVRSwift */,
				1F55E01F22E56A7C007F9D59 /* Products */,
				2A0A4B05FE624A603F9916EB /* Pods */,
				AE99AD5501F8A666020A30A5 /* Frameworks */,
			);
			sourceTree = "<group>";
		};
		1F55E01F22E56A7C007F9D59 /* Products */ = {
			isa = PBXGroup;
			children = (
				1F55E01E22E56A7C007F9D59 /* GoogleVRSwift.app */,
			);
			name = Products;
			sourceTree = "<group>";
		};
		1F55E02022E56A7C007F9D59 /* GoogleVRSwift */ = {
			isa = PBXGroup;
			children = (
				1FA6587F22F0ACFA009FC4E3 /* StartSession.JPG */,
				1F55E02D22E56A7D007F9D59 /* Info.plist */,
				1FA6588522F0B0E7009FC4E3 /* Home.JPG */,
				1FA6588322F0B003009FC4E3 /* PlanSession.png */,
				1F25E5A822E8CF6100AC1B34 /* Start.png */,
				1FA6588722F0C059009FC4E3 /* Stop.png */,
				1F55E02122E56A7C007F9D59 /* AppDelegate.swift */,
				1F0D8A3E22F0E1500010AA45 /* Title.png */,
				1F25E5AA22EA12C600AC1B34 /* MyClasses.swift */,
				1F25E59422E79C4D00AC1B34 /* SecondViewController.swift */,
				1F25E5C822EA5A4300AC1B34 /* SessionViewController.swift */,
				1F25E59A22E7DED000AC1B34 /* SleepViewController.swift */,
				1F55E02322E56A7C007F9D59 /* ViewController.swift */,
				1F0D8A4022F22BDD0010AA45 /* Ambient_Car_Preview.wav */,
				1F0D8A4122F22BDD0010AA45 /* Ambient_Car.wav */,
				1F0D8A4A22F22BDE0010AA45 /* Clicky.wav */,
				1F0D8A4422F22BDD0010AA45 /* Cocowater.wav */,
				1F0D8A4F22F22BDE0010AA45 /* Cracks.wav */,
				1F0D8A4B22F22BDE0010AA45 /* Engine.wav */,
				1F0D8A4622F22BDE0010AA45 /* Goats_Preview.wav */,
				1F0D8A4222F22BDD0010AA45 /* Goats.wav */,
				1F0D8A4322F22BDD0010AA45 /* Goose.wav */,
				1F0D8A4922F22BDE0010AA45 /* River_Preview.wav */,
				1F0D8A4822F22BDE0010AA45 /* River.wav */,
				1F0D8A4E22F22BDE0010AA45 /* Swing.wav */,
				1F0D8A4C22F22BDE0010AA45 /* TapMusicStand.wav */,
				1F0D8A4D22F22BDE0010AA45 /* Tapping.wav */,
				1F0D8A4522F22BDE0010AA45 /* UpTheWall.wav */,
				1F0D8A4722F22BDE0010AA45 /* Water_Drops.wav */,
				1F25E5D122EF5F8300AC1B34 /* Assets.xcassets */,
				1F55E02A22E56A7D007F9D59 /* LaunchScreen.storyboard */,
				1F55E02522E56A7C007F9D59 /* Main.storyboard */,
			);
			path = GoogleVRSwift;
			sourceTree = "<group>";
		};
		2A0A4B05FE624A603F9916EB /* Pods */ = {
			isa = PBXGroup;
			children = (
				45FFC7AF2EDDE24D7801459A /* Pods-GoogleVRSwift.debug.xcconfig */,
				C39F251592BDAE6B4DC73C73 /* Pods-GoogleVRSwift.release.xcconfig */,
			);
			path = Pods;
			sourceTree = "<group>";
		};
		AE99AD5501F8A666020A30A5 /* Frameworks */ = {
			isa = PBXGroup;
			children = (
				142F5DFF41E339CD574F82FF /* Pods_GoogleVRSwift.framework */,
			);
			name = Frameworks;
			sourceTree = "<group>";
		};
/* End PBXGroup section */

/* Begin PBXNativeTarget section */
		1F55E01D22E56A7C007F9D59 /* GoogleVRSwift */ = {
			isa = PBXNativeTarget;
			buildConfigurationList = 1F55E03022E56A7D007F9D59 /* Build configuration list for PBXNativeTarget "GoogleVRSwift" */;
			buildPhases = (
				7B8DD255CAF69A1B24FEA2D6 /* [CP] Check Pods Manifest.lock */,
				1F55E01A22E56A7C007F9D59 /* Sources */,
				1F55E01B22E56A7C007F9D59 /* Frameworks */,
				1F55E01C22E56A7C007F9D59 /* Resources */,
			);
			buildRules = (
			);
			dependencies = (
			);
			name = GoogleVRSwift;
			productName = GoogleVRSwift;
			productReference = 1F55E01E22E56A7C007F9D59 /* GoogleVRSwift.app */;
			productType = "com.apple.product-type.application";
		};
/* End PBXNativeTarget section */

/* Begin PBXProject section */
		1F55E01622E56A7C007F9D59 /* Project object */ = {
			isa = PBXProject;
			attributes = {
				LastSwiftUpdateCheck = 1020;
				LastUpgradeCheck = 1020;
				ORGANIZATIONNAME = "Ben Tsai";
				TargetAttributes = {
					1F55E01D22E56A7C007F9D59 = {
						CreatedOnToolsVersion = 10.2.1;
					};
				};
			};
			buildConfigurationList = 1F55E01922E56A7C007F9D59 /* Build configuration list for PBXProject "GoogleVRSwift" */;
			compatibilityVersion = "Xcode 9.3";
			developmentRegion = en;
			hasScannedForEncodings = 0;
			knownRegions = (
				en,
				Base,
			);
			mainGroup = 1F55E01522E56A7C007F9D59;
			productRefGroup = 1F55E01F22E56A7C007F9D59 /* Products */;
			projectDirPath = "";
			projectRoot = "";
			targets = (
				1F55E01D22E56A7C007F9D59 /* GoogleVRSwift */,
			);
		};
/* End PBXProject section */

/* Begin PBXResourcesBuildPhase section */
		1F55E01C22E56A7C007F9D59 /* Resources */ = {
			isa = PBXResourcesBuildPhase;
			buildActionMask = 2147483647;
			files = (
				1FA6588422F0B003009FC4E3 /* PlanSession.png in Resources */,
				1F25E5D222EF5F8400AC1B34 /* Assets.xcassets in Resources */,
				1F0D8A5B22F22BDE0010AA45 /* Engine.wav in Resources */,
				1FA6588822F0C059009FC4E3 /* Stop.png in Resources */,
				1F0D8A5922F22BDE0010AA45 /* River_Preview.wav in Resources */,
				1F0D8A5E22F22BDE0010AA45 /* Swing.wav in Resources */,
				1F0D8A5C22F22BDE0010AA45 /* TapMusicStand.wav in Resources */,
				1F0D8A5722F22BDE0010AA45 /* Water_Drops.wav in Resources */,
				1F0D8A5522F22BDE0010AA45 /* UpTheWall.wav in Resources */,
				1F0D8A3F22F0E1500010AA45 /* Title.png in Resources */,
				1F0D8A5322F22BDE0010AA45 /* Goose.wav in Resources */,
				1FA6588022F0ACFA009FC4E3 /* StartSession.JPG in Resources */,
				1FA6588622F0B0E8009FC4E3 /* Home.JPG in Resources */,
				1F25E5A922E8CF6100AC1B34 /* Start.png in Resources */,
				1F0D8A5222F22BDE0010AA45 /* Goats.wav in Resources */,
				1F0D8A5022F22BDE0010AA45 /* Ambient_Car_Preview.wav in Resources */,
				1F0D8A5122F22BDE0010AA45 /* Ambient_Car.wav in Resources */,
				1F0D8A5622F22BDE0010AA45 /* Goats_Preview.wav in Resources */,
				1F0D8A5D22F22BDE0010AA45 /* Tapping.wav in Resources */,
				1F55E02C22E56A7D007F9D59 /* LaunchScreen.storyboard in Resources */,
				1F0D8A5F22F22BDE0010AA45 /* Cracks.wav in Resources */,
				1F0D8A5422F22BDE0010AA45 /* Cocowater.wav in Resources */,
				1F0D8A5A22F22BDE0010AA45 /* Clicky.wav in Resources */,
				1F55E02722E56A7C007F9D59 /* Main.storyboard in Resources */,
				1F0D8A5822F22BDE0010AA45 /* River.wav in Resources */,
			);
			runOnlyForDeploymentPostprocessing = 0;
		};
/* End PBXResourcesBuildPhase section */

/* Begin PBXShellScriptBuildPhase section */
		7B8DD255CAF69A1B24FEA2D6 /* [CP] Check Pods Manifest.lock */ = {
			isa = PBXShellScriptBuildPhase;
			buildActionMask = 2147483647;
			files = (
			);
			inputFileListPaths = (
			);
			inputPaths = (
				"${PODS_PODFILE_DIR_PATH}/Podfile.lock",
				"${PODS_ROOT}/Manifest.lock",
			);
			name = "[CP] Check Pods Manifest.lock";
			outputFileListPaths = (
			);
			outputPaths = (
				"$(DERIVED_FILE_DIR)/Pods-GoogleVRSwift-checkManifestLockResult.txt",
			);
			runOnlyForDeploymentPostprocessing = 0;
			shellPath = /bin/sh;
			shellScript = "diff \"${PODS_PODFILE_DIR_PATH}/Podfile.lock\" \"${PODS_ROOT}/Manifest.lock\" > /dev/null\nif [ $? != 0 ] ; then\n    # print error to STDERR\n    echo \"error: The sandbox is not in sync with the Podfile.lock. Run 'pod install' or update your CocoaPods installation.\" >&2\n    exit 1\nfi\n# This output is used by Xcode 'outputs' to avoid re-running this script phase.\necho \"SUCCESS\" > \"${SCRIPT_OUTPUT_FILE_0}\"\n";
			showEnvVarsInLog = 0;
		};
/* End PBXShellScriptBuildPhase section */

/* Begin PBXSourcesBuildPhase section */
		1F55E01A22E56A7C007F9D59 /* Sources */ = {
			isa = PBXSourcesBuildPhase;
			buildActionMask = 2147483647;
			files = (
				1F25E59B22E7DED000AC1B34 /* SleepViewController.swift in Sources */,
				1F25E59522E79C4E00AC1B34 /* SecondViewController.swift in Sources */,
				1F55E02422E56A7C007F9D59 /* ViewController.swift in Sources */,
				1F25E5C922EA5A4300AC1B34 /* SessionViewController.swift in Sources */,
				1F55E02222E56A7C007F9D59 /* AppDelegate.swift in Sources */,
				1F25E5AB22EA12C600AC1B34 /* MyClasses.swift in Sources */,
			);
			runOnlyForDeploymentPostprocessing = 0;
		};
/* End PBXSourcesBuildPhase section */

/* Begin PBXVariantGroup section */
		1F55E02522E56A7C007F9D59 /* Main.storyboard */ = {
			isa = PBXVariantGroup;
			children = (
				1F55E02622E56A7C007F9D59 /* Base */,
			);
			name = Main.storyboard;
			sourceTree = "<group>";
		};
		1F55E02A22E56A7D007F9D59 /* LaunchScreen.storyboard */ = {
			isa = PBXVariantGroup;
			children = (
				1F55E02B22E56A7D007F9D59 /* Base */,
			);
			name = LaunchScreen.storyboard;
			sourceTree = "<group>";
		};
/* End PBXVariantGroup section */

/* Begin XCBuildConfiguration section */
		1F55E02E22E56A7D007F9D59 /* Debug */ = {
			isa = XCBuildConfiguration;
			buildSettings = {
				ALWAYS_SEARCH_USER_PATHS = NO;
				CLANG_ANALYZER_NONNULL = YES;
				CLANG_ANALYZER_NUMBER_OBJECT_CONVERSION = YES_AGGRESSIVE;
				CLANG_CXX_LANGUAGE_STANDARD = "gnu++14";
				CLANG_CXX_LIBRARY = "libc++";
				CLANG_ENABLE_MODULES = YES;
				CLANG_ENABLE_OBJC_ARC = YES;
				CLANG_ENABLE_OBJC_WEAK = YES;
				CLANG_WARN_BLOCK_CAPTURE_AUTORELEASING = YES;
				CLANG_WARN_BOOL_CONVERSION = YES;
				CLANG_WARN_COMMA = YES;
				CLANG_WARN_CONSTANT_CONVERSION = YES;
				CLANG_WARN_DEPRECATED_OBJC_IMPLEMENTATIONS = YES;
				CLANG_WARN_DIRECT_OBJC_ISA_USAGE = YES_ERROR;
				CLANG_WARN_DOCUMENTATION_COMMENTS = YES;
				CLANG_WARN_EMPTY_BODY = YES;
				CLANG_WARN_ENUM_CONVERSION = YES;
				CLANG_WARN_INFINITE_RECURSION = YES;
				CLANG_WARN_INT_CONVERSION = YES;
				CLANG_WARN_NON_LITERAL_NULL_CONVERSION = YES;
				CLANG_WARN_OBJC_IMPLICIT_RETAIN_SELF = YES;
				CLANG_WARN_OBJC_LITERAL_CONVERSION = YES;
				CLANG_WARN_OBJC_ROOT_CLASS = YES_ERROR;
				CLANG_WARN_RANGE_LOOP_ANALYSIS = YES;
				CLANG_WARN_STRICT_PROTOTYPES = YES;
				CLANG_WARN_SUSPICIOUS_MOVE = YES;
				CLANG_WARN_UNGUARDED_AVAILABILITY = YES_AGGRESSIVE;
				CLANG_WARN_UNREACHABLE_CODE = YES;
				CLANG_WARN__DUPLICATE_METHOD_MATCH = YES;
				CODE_SIGN_IDENTITY = "iPhone Developer";
				COPY_PHASE_STRIP = NO;
				DEBUG_INFORMATION_FORMAT = dwarf;
				ENABLE_STRICT_OBJC_MSGSEND = YES;
				ENABLE_TESTABILITY = YES;
				GCC_C_LANGUAGE_STANDARD = gnu11;
				GCC_DYNAMIC_NO_PIC = NO;
				GCC_NO_COMMON_BLOCKS = YES;
				GCC_OPTIMIZATION_LEVEL = 0;
				GCC_PREPROCESSOR_DEFINITIONS = (
					"DEBUG=1",
					"$(inherited)",
				);
				GCC_WARN_64_TO_32_BIT_CONVERSION = YES;
				GCC_WARN_ABOUT_RETURN_TYPE = YES_ERROR;
				GCC_WARN_UNDECLARED_SELECTOR = YES;
				GCC_WARN_UNINITIALIZED_AUTOS = YES_AGGRESSIVE;
				GCC_WARN_UNUSED_FUNCTION = YES;
				GCC_WARN_UNUSED_VARIABLE = YES;
				IPHONEOS_DEPLOYMENT_TARGET = 12.2;
				MTL_ENABLE_DEBUG_INFO = INCLUDE_SOURCE;
				MTL_FAST_MATH = YES;
				ONLY_ACTIVE_ARCH = YES;
				SDKROOT = iphoneos;
				SWIFT_ACTIVE_COMPILATION_CONDITIONS = DEBUG;
				SWIFT_OPTIMIZATION_LEVEL = "-Onone";
			};
			name = Debug;
		};
		1F55E02F22E56A7D007F9D59 /* Release */ = {
			isa = XCBuildConfiguration;
			buildSettings = {
				ALWAYS_SEARCH_USER_PATHS = NO;
				CLANG_ANALYZER_NONNULL = YES;
				CLANG_ANALYZER_NUMBER_OBJECT_CONVERSION = YES_AGGRESSIVE;
				CLANG_CXX_LANGUAGE_STANDARD = "gnu++14";
				CLANG_CXX_LIBRARY = "libc++";
				CLANG_ENABLE_MODULES = YES;
				CLANG_ENABLE_OBJC_ARC = YES;
				CLANG_ENABLE_OBJC_WEAK = YES;
				CLANG_WARN_BLOCK_CAPTURE_AUTORELEASING = YES;
				CLANG_WARN_BOOL_CONVERSION = YES;
				CLANG_WARN_COMMA = YES;
				CLANG_WARN_CONSTANT_CONVERSION = YES;
				CLANG_WARN_DEPRECATED_OBJC_IMPLEMENTATIONS = YES;
				CLANG_WARN_DIRECT_OBJC_ISA_USAGE = YES_ERROR;
				CLANG_WARN_DOCUMENTATION_COMMENTS = YES;
				CLANG_WARN_EMPTY_BODY = YES;
				CLANG_WARN_ENUM_CONVERSION = YES;
				CLANG_WARN_INFINITE_RECURSION = YES;
				CLANG_WARN_INT_CONVERSION = YES;
				CLANG_WARN_NON_LITERAL_NULL_CONVERSION = YES;
				CLANG_WARN_OBJC_IMPLICIT_RETAIN_SELF = YES;
				CLANG_WARN_OBJC_LITERAL_CONVERSION = YES;
				CLANG_WARN_OBJC_ROOT_CLASS = YES_ERROR;
				CLANG_WARN_RANGE_LOOP_ANALYSIS = YES;
				CLANG_WARN_STRICT_PROTOTYPES = YES;
				CLANG_WARN_SUSPICIOUS_MOVE = YES;
				CLANG_WARN_UNGUARDED_AVAILABILITY = YES_AGGRESSIVE;
				CLANG_WARN_UNREACHABLE_CODE = YES;
				CLANG_WARN__DUPLICATE_METHOD_MATCH = YES;
				CODE_SIGN_IDENTITY = "iPhone Developer";
				COPY_PHASE_STRIP = NO;
				DEBUG_INFORMATION_FORMAT = "dwarf-with-dsym";
				ENABLE_NS_ASSERTIONS = NO;
				ENABLE_STRICT_OBJC_MSGSEND = YES;
				GCC_C_LANGUAGE_STANDARD = gnu11;
				GCC_NO_COMMON_BLOCKS = YES;
				GCC_WARN_64_TO_32_BIT_CONVERSION = YES;
				GCC_WARN_ABOUT_RETURN_TYPE = YES_ERROR;
				GCC_WARN_UNDECLARED_SELECTOR = YES;
				GCC_WARN_UNINITIALIZED_AUTOS = YES_AGGRESSIVE;
				GCC_WARN_UNUSED_FUNCTION = YES;
				GCC_WARN_UNUSED_VARIABLE = YES;
				IPHONEOS_DEPLOYMENT_TARGET = 12.2;
				MTL_ENABLE_DEBUG_INFO = NO;
				MTL_FAST_MATH = YES;
				SDKROOT = iphoneos;
				SWIFT_COMPILATION_MODE = wholemodule;
				SWIFT_OPTIMIZATION_LEVEL = "-O";
				VALIDATE_PRODUCT = YES;
			};
			name = Release;
		};
		1F55E03122E56A7D007F9D59 /* Debug */ = {
			isa = XCBuildConfiguration;
			baseConfigurationReference = 45FFC7AF2EDDE24D7801459A /* Pods-GoogleVRSwift.debug.xcconfig */;
			buildSettings = {
				ASSETCATALOG_COMPILER_APPICON_NAME = AppIcon;
				CODE_SIGN_STYLE = Automatic;
				DEVELOPMENT_TEAM = TX52L3TFYW;
				INFOPLIST_FILE = GoogleVRSwift/Info.plist;
				IPHONEOS_DEPLOYMENT_TARGET = 10.3.2;
				LD_RUNPATH_SEARCH_PATHS = (
					"$(inherited)",
					"@executable_path/Frameworks",
				);
				PRODUCT_BUNDLE_IDENTIFIER = com.GoogleVRSwift;
				PRODUCT_NAME = "$(TARGET_NAME)";
				SWIFT_OBJC_BRIDGING_HEADER = "GoogleVRSwift-Bridging-Header.h";
				SWIFT_VERSION = 5.0;
				TARGETED_DEVICE_FAMILY = "1,2";
				USER_HEADER_SEARCH_PATHS = "\"$(SRCROOT)/\"/**";
			};
			name = Debug;
		};
		1F55E03222E56A7D007F9D59 /* Release */ = {
			isa = XCBuildConfiguration;
			baseConfigurationReference = C39F251592BDAE6B4DC73C73 /* Pods-GoogleVRSwift.release.xcconfig */;
			buildSettings = {
				ASSETCATALOG_COMPILER_APPICON_NAME = AppIcon;
				CODE_SIGN_STYLE = Automatic;
				DEVELOPMENT_TEAM = TX52L3TFYW;
				INFOPLIST_FILE = GoogleVRSwift/Info.plist;
				IPHONEOS_DEPLOYMENT_TARGET = 10.3.2;
				LD_RUNPATH_SEARCH_PATHS = (
					"$(inherited)",
					"@executable_path/Frameworks",
				);
				PRODUCT_BUNDLE_IDENTIFIER = com.GoogleVRSwift;
				PRODUCT_NAME = "$(TARGET_NAME)";
				SWIFT_OBJC_BRIDGING_HEADER = "GoogleVRSwift-Bridging-Header.h";
				SWIFT_VERSION = 5.0;
				TARGETED_DEVICE_FAMILY = "1,2";
				USER_HEADER_SEARCH_PATHS = "\"$(SRCROOT)/\"/**";
			};
			name = Release;
		};
/* End XCBuildConfiguration section */

/* Begin XCConfigurationList section */
		1F55E01922E56A7C007F9D59 /* Build configuration list for PBXProject "GoogleVRSwift" */ = {
			isa = XCConfigurationList;
			buildConfigurations = (
				1F55E02E22E56A7D007F9D59 /* Debug */,
				1F55E02F22E56A7D007F9D59 /* Release */,
			);
			defaultConfigurationIsVisible = 0;
			defaultConfigurationName = Release;
		};
		1F55E03022E56A7D007F9D59 /* Build configuration list for PBXNativeTarget "GoogleVRSwift" */ = {
			isa = XCConfigurationList;
			buildConfigurations = (
				1F55E03122E56A7D007F9D59 /* Debug */,
				1F55E03222E56A7D007F9D59 /* Release */,
			);
			defaultConfigurationIsVisible = 0;
			defaultConfigurationName = Release;
		};
/* End XCConfigurationList section */
	};
	rootObject = 1F55E01622E56A7C007F9D59 /* Project object */;
}
